
Microsoft Visual Studio Solution File, Format Version 12.00
# Visual Studio Version 16
VisualStudioVersion = 16.0.32413.511
MinimumVisualStudioVersion = 10.0.40219.1
Project("{8BC9CEB8-8B4A-11D0-8D11-00A0C91BC942}") = "riegoVertical", "riegoVertical.vcxproj", "{C5F80730-F44F-4478-BDAE-6634EFC2CA88}"
EndProject
Project("{8BC9CEB8-8B4A-11D0-8D11-00A0C91BC942}") = "ESP8266WiFi-1.0", "C:\Users\veketor\AppData\Local\arduino15\packages\esp8266\hardware\esp8266\3.0.2\libraries\ESP8266WiFi\ESP8266WiFi-1.0.vcxitems", "{E634672C-68B3-47C7-ADF9-EFA0761E1CC2}"
EndProject
Project("{8BC9CEB8-8B4A-11D0-8D11-00A0C91BC942}") = "NTPClient-3.2.1", "C:\Users\veketor\Documents\Arduino\libraries\NTPClient\NTPClient-3.2.1.vcxitems", "{209BF162-933F-43A0-8349-26F3C8C6FED3}"
EndProject
Global
	GlobalSection(SharedMSBuildProjectFiles) = preSolution
		C:\Users\veketor\Documents\Arduino\libraries\NTPClient\NTPClient-3.2.1.vcxitems*{209bf162-933f-43a0-8349-26f3c8c6fed3}*SharedItemsImports = 9
		C:\Users\veketor\AppData\Local\arduino15\packages\esp8266\hardware\esp8266\3.0.2\libraries\ESP8266WiFi\ESP8266WiFi-1.0.vcxitems*{c5f80730-f44f-4478-bdae-6634efc2ca88}*SharedItemsImports = 4
		C:\Users\veketor\Documents\Arduino\libraries\NTPClient\NTPClient-3.2.1.vcxitems*{c5f80730-f44f-4478-bdae-6634efc2ca88}*SharedItemsImports = 4
		C:\Users\veketor\AppData\Local\arduino15\packages\esp8266\hardware\esp8266\3.0.2\libraries\ESP8266WiFi\ESP8266WiFi-1.0.vcxitems*{e634672c-68b3-47c7-adf9-efa0761e1cc2}*SharedItemsImports = 9
	EndGlobalSection
	GlobalSection(SolutionConfigurationPlatforms) = preSolution
		Debug|x86 = Debug|x86
		Release|x86 = Release|x86
	EndGlobalSection
	GlobalSection(ProjectConfigurationPlatforms) = postSolution
		{C5F80730-F44F-4478-BDAE-6634EFC2CA88}.Debug|x86.ActiveCfg = Debug|Win32
		{C5F80730-F44F-4478-BDAE-6634EFC2CA88}.Debug|x86.Build.0 = Debug|Win32
		{C5F80730-F44F-4478-BDAE-6634EFC2CA88}.Release|x86.ActiveCfg = Release|Win32
		{C5F80730-F44F-4478-BDAE-6634EFC2CA88}.Release|x86.Build.0 = Release|Win32
	EndGlobalSection
	GlobalSection(SolutionProperties) = preSolution
		HideSolutionNode = FALSE
	EndGlobalSection
	GlobalSection(ExtensibilityGlobals) = postSolution
		SolutionGuid = {98ED352E-9123-451F-ABF7-4EA25EA6C76C}
	EndGlobalSection
EndGlobal
